
Microsoft Visual Studio Solution File, Format Version 11.00
# Visual Studio 2010
Project("{FAE04EC0-301F-11D3-BF4B-00C04F79EFBC}") = "ChartDemo", "MonoAndroidDemo\ChartDemo.csproj", "{BD366DAA-ED66-411B-B18B-8FB048AA28BF}"
EndProject
Project("{FAE04EC0-301F-11D3-BF4B-00C04F79EFBC}") = "TChartFeatures", "..\TChartFeatures\TChartFeatures.csproj", "{48791E6C-1037-49D8-BBAC-9E8CFB8AD00E}"
EndProject
Global
	GlobalSection(SolutionConfigurationPlatforms) = preSolution
		Debug|Any CPU = Debug|Any CPU
		Release|Any CPU = Release|Any CPU
		Debug|iPhoneSimulator = Debug|iPhoneSimulator
		Release|iPhoneSimulator = Release|iPhoneSimulator
		Debug|iPhone = Debug|iPhone
		Release|iPhone = Release|iPhone
	EndGlobalSection
	GlobalSection(ProjectConfigurationPlatforms) = postSolution
		{48791E6C-1037-49D8-BBAC-9E8CFB8AD00E}.Debug|Any CPU.ActiveCfg = Debug|iPhoneSimulator
		{48791E6C-1037-49D8-BBAC-9E8CFB8AD00E}.Debug|Any CPU.Build.0 = Debug|iPhoneSimulator
		{48791E6C-1037-49D8-BBAC-9E8CFB8AD00E}.Debug|iPhone.ActiveCfg = Debug|iPhone
		{48791E6C-1037-49D8-BBAC-9E8CFB8AD00E}.Debug|iPhone.Build.0 = Debug|iPhone
		{48791E6C-1037-49D8-BBAC-9E8CFB8AD00E}.Debug|iPhoneSimulator.ActiveCfg = Debug|iPhoneSimulator
		{48791E6C-1037-49D8-BBAC-9E8CFB8AD00E}.Debug|iPhoneSimulator.Build.0 = Debug|iPhoneSimulator
		{48791E6C-1037-49D8-BBAC-9E8CFB8AD00E}.Release|Any CPU.ActiveCfg = Release|iPhoneSimulator
		{48791E6C-1037-49D8-BBAC-9E8CFB8AD00E}.Release|Any CPU.Build.0 = Release|iPhoneSimulator
		{48791E6C-1037-49D8-BBAC-9E8CFB8AD00E}.Release|iPhone.ActiveCfg = Release|iPhone
		{48791E6C-1037-49D8-BBAC-9E8CFB8AD00E}.Release|iPhone.Build.0 = Release|iPhone
		{48791E6C-1037-49D8-BBAC-9E8CFB8AD00E}.Release|iPhoneSimulator.ActiveCfg = Release|iPhoneSimulator
		{48791E6C-1037-49D8-BBAC-9E8CFB8AD00E}.Release|iPhoneSimulator.Build.0 = Release|iPhoneSimulator
		{BD366DAA-ED66-411B-B18B-8FB048AA28BF}.Debug|Any CPU.ActiveCfg = Debug|Any CPU
		{BD366DAA-ED66-411B-B18B-8FB048AA28BF}.Debug|Any CPU.Build.0 = Debug|Any CPU
		{BD366DAA-ED66-411B-B18B-8FB048AA28BF}.Debug|Any CPU.Deploy.0 = Debug|Any CPU
		{BD366DAA-ED66-411B-B18B-8FB048AA28BF}.Debug|iPhone.ActiveCfg = Debug|Any CPU
		{BD366DAA-ED66-411B-B18B-8FB048AA28BF}.Debug|iPhone.Build.0 = Debug|Any CPU
		{BD366DAA-ED66-411B-B18B-8FB048AA28BF}.Debug|iPhoneSimulator.ActiveCfg = Debug|Any CPU
		{BD366DAA-ED66-411B-B18B-8FB048AA28BF}.Debug|iPhoneSimulator.Build.0 = Debug|Any CPU
		{BD366DAA-ED66-411B-B18B-8FB048AA28BF}.Release|Any CPU.ActiveCfg = Release|Any CPU
		{BD366DAA-ED66-411B-B18B-8FB048AA28BF}.Release|Any CPU.Build.0 = Release|Any CPU
		{BD366DAA-ED66-411B-B18B-8FB048AA28BF}.Release|Any CPU.Deploy.0 = Release|Any CPU
		{BD366DAA-ED66-411B-B18B-8FB048AA28BF}.Release|iPhone.ActiveCfg = Release|Any CPU
		{BD366DAA-ED66-411B-B18B-8FB048AA28BF}.Release|iPhone.Build.0 = Release|Any CPU
		{BD366DAA-ED66-411B-B18B-8FB048AA28BF}.Release|iPhoneSimulator.ActiveCfg = Release|Any CPU
		{BD366DAA-ED66-411B-B18B-8FB048AA28BF}.Release|iPhoneSimulator.Build.0 = Release|Any CPU
	EndGlobalSection
	GlobalSection(MonoDevelopProperties) = preSolution
		StartupItem = MonoAndroidDemo\ChartDemo.csproj
	EndGlobalSection
	GlobalSection(SolutionProperties) = preSolution
		HideSolutionNode = FALSE
	EndGlobalSection
EndGlobal
