
Microsoft Visual Studio Solution File, Format Version 11.00
# Visual Studio 2010
Project("{FAE04EC0-301F-11D3-BF4B-00C04F79EFBC}") = "Sample.Android", "Sample.Android.csproj", "{B07C8650-5086-4650-AC6F-ACCF1291A952}"
EndProject
Project("{FAE04EC0-301F-11D3-BF4B-00C04F79EFBC}") = "Sample.iOS", "..\Sample.iOS\Sample.iOS.csproj", "{733E5CA3-D51E-48A9-81C8-5509C0BA90CF}"
EndProject
Global
	GlobalSection(SolutionConfigurationPlatforms) = preSolution
		Debug|Any CPU = Debug|Any CPU
		Release|Any CPU = Release|Any CPU
		Debug|iPhoneSimulator = Debug|iPhoneSimulator
		Release|iPhoneSimulator = Release|iPhoneSimulator
		Debug|iPhone = Debug|iPhone
		Release|iPhone = Release|iPhone
		Ad-Hoc|iPhone = Ad-Hoc|iPhone
		AppStore|iPhone = AppStore|iPhone
	EndGlobalSection
	GlobalSection(ProjectConfigurationPlatforms) = postSolution
		{733E5CA3-D51E-48A9-81C8-5509C0BA90CF}.Ad-Hoc|iPhone.ActiveCfg = Ad-Hoc|iPhone
		{733E5CA3-D51E-48A9-81C8-5509C0BA90CF}.Ad-Hoc|iPhone.Build.0 = Ad-Hoc|iPhone
		{733E5CA3-D51E-48A9-81C8-5509C0BA90CF}.AppStore|iPhone.ActiveCfg = AppStore|iPhone
		{733E5CA3-D51E-48A9-81C8-5509C0BA90CF}.AppStore|iPhone.Build.0 = AppStore|iPhone
		{733E5CA3-D51E-48A9-81C8-5509C0BA90CF}.Debug|Any CPU.ActiveCfg = Debug|iPhoneSimulator
		{733E5CA3-D51E-48A9-81C8-5509C0BA90CF}.Debug|Any CPU.Build.0 = Debug|iPhoneSimulator
		{733E5CA3-D51E-48A9-81C8-5509C0BA90CF}.Debug|iPhone.ActiveCfg = Debug|iPhone
		{733E5CA3-D51E-48A9-81C8-5509C0BA90CF}.Debug|iPhone.Build.0 = Debug|iPhone
		{733E5CA3-D51E-48A9-81C8-5509C0BA90CF}.Debug|iPhoneSimulator.ActiveCfg = Debug|iPhoneSimulator
		{733E5CA3-D51E-48A9-81C8-5509C0BA90CF}.Debug|iPhoneSimulator.Build.0 = Debug|iPhoneSimulator
		{733E5CA3-D51E-48A9-81C8-5509C0BA90CF}.Release|Any CPU.ActiveCfg = Release|iPhoneSimulator
		{733E5CA3-D51E-48A9-81C8-5509C0BA90CF}.Release|Any CPU.Build.0 = Release|iPhoneSimulator
		{733E5CA3-D51E-48A9-81C8-5509C0BA90CF}.Release|iPhone.ActiveCfg = Release|iPhone
		{733E5CA3-D51E-48A9-81C8-5509C0BA90CF}.Release|iPhone.Build.0 = Release|iPhone
		{733E5CA3-D51E-48A9-81C8-5509C0BA90CF}.Release|iPhoneSimulator.ActiveCfg = Release|iPhoneSimulator
		{733E5CA3-D51E-48A9-81C8-5509C0BA90CF}.Release|iPhoneSimulator.Build.0 = Release|iPhoneSimulator
		{B07C8650-5086-4650-AC6F-ACCF1291A952}.Ad-Hoc|iPhone.ActiveCfg = Debug|Any CPU
		{B07C8650-5086-4650-AC6F-ACCF1291A952}.Ad-Hoc|iPhone.Build.0 = Debug|Any CPU
		{B07C8650-5086-4650-AC6F-ACCF1291A952}.AppStore|iPhone.ActiveCfg = Debug|Any CPU
		{B07C8650-5086-4650-AC6F-ACCF1291A952}.AppStore|iPhone.Build.0 = Debug|Any CPU
		{B07C8650-5086-4650-AC6F-ACCF1291A952}.Debug|Any CPU.ActiveCfg = Debug|Any CPU
		{B07C8650-5086-4650-AC6F-ACCF1291A952}.Debug|Any CPU.Build.0 = Debug|Any CPU
		{B07C8650-5086-4650-AC6F-ACCF1291A952}.Debug|Any CPU.Deploy.0 = Debug|Any CPU
		{B07C8650-5086-4650-AC6F-ACCF1291A952}.Debug|iPhone.ActiveCfg = Debug|Any CPU
		{B07C8650-5086-4650-AC6F-ACCF1291A952}.Debug|iPhone.Build.0 = Debug|Any CPU
		{B07C8650-5086-4650-AC6F-ACCF1291A952}.Debug|iPhoneSimulator.ActiveCfg = Debug|Any CPU
		{B07C8650-5086-4650-AC6F-ACCF1291A952}.Debug|iPhoneSimulator.Build.0 = Debug|Any CPU
		{B07C8650-5086-4650-AC6F-ACCF1291A952}.Release|Any CPU.ActiveCfg = Release|Any CPU
		{B07C8650-5086-4650-AC6F-ACCF1291A952}.Release|Any CPU.Build.0 = Release|Any CPU
		{B07C8650-5086-4650-AC6F-ACCF1291A952}.Release|Any CPU.Deploy.0 = Release|Any CPU
		{B07C8650-5086-4650-AC6F-ACCF1291A952}.Release|iPhone.ActiveCfg = Release|Any CPU
		{B07C8650-5086-4650-AC6F-ACCF1291A952}.Release|iPhone.Build.0 = Release|Any CPU
		{B07C8650-5086-4650-AC6F-ACCF1291A952}.Release|iPhoneSimulator.ActiveCfg = Release|Any CPU
		{B07C8650-5086-4650-AC6F-ACCF1291A952}.Release|iPhoneSimulator.Build.0 = Release|Any CPU
		{F1A16CB9-A759-42C8-8F0B-3C9698A55336}.Debug|Any CPU.ActiveCfg = Debug|Any CPU
		{F1A16CB9-A759-42C8-8F0B-3C9698A55336}.Debug|Any CPU.Build.0 = Debug|Any CPU
		{F1A16CB9-A759-42C8-8F0B-3C9698A55336}.Release|Any CPU.ActiveCfg = Release|Any CPU
		{F1A16CB9-A759-42C8-8F0B-3C9698A55336}.Release|Any CPU.Build.0 = Release|Any CPU
	EndGlobalSection
	GlobalSection(MonoDevelopProperties) = preSolution
		StartupItem = Sample.Android.csproj
	EndGlobalSection
EndGlobal
